PODS:
  - GTProgressBar (0.3.3)
  - InputBarAccessoryView (4.3.2):
    - InputBarAccessoryView/Core (= 4.3.2)
  - InputBarAccessoryView/Core (4.3.2)
  - lottie-ios (3.1.8)
  - MessageKit (3.3.0):
    - GTProgressBar
    - InputBarAccessoryView (~> 4.3.2)
    - lottie-ios
  - PINCache (3.0.1-beta.8):
    - PINCache/Arc-exception-safe (= 3.0.1-beta.8)
    - PINCache/Core (= 3.0.1-beta.8)
  - PINCache/Arc-exception-safe (3.0.1-beta.8):
    - PINCache/Core
  - PINCache/Core (3.0.1-beta.8):
    - PINOperation (~> 1.1.1)
  - PINOperation (1.1.2)
  - PINRemoteImage/Core (3.0.0):
    - PINOperation
  - PINRemoteImage/iOS (3.0.0):
    - PINRemoteImage/Core
  - PINRemoteImage/PINCache (3.0.0):
    - PINCache (= 3.0.1-beta.8)
    - PINRemoteImage/Core
  - SwiftLint (0.39.2)

DEPENDENCIES:
  - InputBarAccessoryView (from `https://github.com/zinzin186/InputBarAccessoryView.git`)
  - MessageKit (from `../`)
  - PINRemoteImage/iOS (~> 3.0.0)
  - PINRemoteImage/PINCache (~> 3.0.0)
  - SwiftLint (~> 0.39.1)

SPEC REPOS:
  trunk:
    - GTProgressBar
    - lottie-ios
    - PINCache
    - PINOperation
    - PINRemoteImage
    - SwiftLint

EXTERNAL SOURCES:
  InputBarAccessoryView:
    :git: https://github.com/zinzin186/InputBarAccessoryView.git
  MessageKit:
    :path: "../"

CHECKOUT OPTIONS:
  InputBarAccessoryView:
    :commit: 2ddf9c6bfbdd02837617c9ab16c6a30d41acd466
    :git: https://github.com/zinzin186/InputBarAccessoryView.git

SPEC CHECKSUMS:
  GTProgressBar: a480283ecb0ada50de16c71e634892826928f640
  InputBarAccessoryView: 7985d418040a05fe894bd4b8328dd43ab35517c3
  lottie-ios: 48fac6be217c76937e36e340e2d09cf7b10b7f5f
  MessageKit: 8b8e19ca58ea65b3700cc0b4a1508c2cb3ed0b6a
  PINCache: 534fd41d358d828dfdf227a0d327f3673a65e20b
  PINOperation: 24b774353ca248fcf87d67b2d61eef42087c125a
  PINRemoteImage: e2b89e19fb6e77ffc099f9d9f3b3fe1745e3f9f9
  SwiftLint: 22ccbbe3b8008684be5955693bab135e0ed6a447

PODFILE CHECKSUM: 9d3c353f530c35e6ce07c18f1ac8bf03de25c1ee

COCOAPODS: 1.9.3
